
Microsoft Visual Studio Solution File, Format Version 12.00
# Visual Studio 15
VisualStudioVersion = 15.0.27703.2000
MinimumVisualStudioVersion = 10.0.40219.1
Project("{FAE04EC0-301F-11D3-BF4B-00C04F79EFBC}") = "CSharp-Blog", "CSharp-Blog\CSharp-Blog.csproj", "{3B5424A2-6C54-4096-AEB9-EAA4C019940B}"
EndProject
Global
	GlobalSection(SolutionConfigurationPlatforms) = preSolution
		Debug|Any CPU = Debug|Any CPU
		Release|Any CPU = Release|Any CPU
	EndGlobalSection
	GlobalSection(ProjectConfigurationPlatforms) = postSolution
		{3B5424A2-6C54-4096-AEB9-EAA4C019940B}.Debug|Any CPU.ActiveCfg = Debug|Any CPU
		{3B5424A2-6C54-4096-AEB9-EAA4C019940B}.Debug|Any CPU.Build.0 = Debug|Any CPU
		{3B5424A2-6C54-4096-AEB9-EAA4C019940B}.Release|Any CPU.ActiveCfg = Release|Any CPU
		{3B5424A2-6C54-4096-AEB9-EAA4C019940B}.Release|Any CPU.Build.0 = Release|Any CPU
	EndGlobalSection
	GlobalSection(SolutionProperties) = preSolution
		HideSolutionNode = FALSE
	EndGlobalSection
	GlobalSection(ExtensibilityGlobals) = postSolution
		SolutionGuid = {4FACDBA8-B76F-4A9A-BF82-3B5C74216286}
	EndGlobalSection
EndGlobal
