
Microsoft Visual Studio Solution File, Format Version 12.00
Project("{FAE04EC0-301F-11D3-BF4B-00C04F79EFBC}") = "P01_CountRealNumbers", "P01_CountRealNumbers\P01_CountRealNumbers.csproj", "{272DB9F5-E5B7-406E-9D8B-6BC9481670B7}"
EndProject
Project("{FAE04EC0-301F-11D3-BF4B-00C04F79EFBC}") = "P02_OddOccurrences", "P02_OddOccurrences\P02_OddOccurrences.csproj", "{88555198-CE5A-4F3C-90E1-9FB00A60F302}"
EndProject
Project("{FAE04EC0-301F-11D3-BF4B-00C04F79EFBC}") = "P03_SumMinMaxAverage", "P03_SumMinMaxAverage\P03_SumMinMaxAverage.csproj", "{685DAEE0-1BCD-4B35-82D2-9AAE0B48CE63}"
EndProject
Project("{FAE04EC0-301F-11D3-BF4B-00C04F79EFBC}") = "P04_Largest3Numbers", "P04_Largest3Numbers\P04_Largest3Numbers.csproj", "{CCCE54F3-7854-4CA3-9A7A-E0870E0FCC72}"
EndProject
Project("{FAE04EC0-301F-11D3-BF4B-00C04F79EFBC}") = "P05_ShortWordsSorted", "P05_ShortWordsSorted\P05_ShortWordsSorted.csproj", "{55D37EA9-92E9-4E34-81F1-9A2CFD3D6771}"
EndProject
Global
	GlobalSection(SolutionConfigurationPlatforms) = preSolution
		Debug|Any CPU = Debug|Any CPU
		Release|Any CPU = Release|Any CPU
	EndGlobalSection
	GlobalSection(ProjectConfigurationPlatforms) = postSolution
		{272DB9F5-E5B7-406E-9D8B-6BC9481670B7}.Debug|Any CPU.ActiveCfg = Debug|Any CPU
		{272DB9F5-E5B7-406E-9D8B-6BC9481670B7}.Debug|Any CPU.Build.0 = Debug|Any CPU
		{272DB9F5-E5B7-406E-9D8B-6BC9481670B7}.Release|Any CPU.ActiveCfg = Release|Any CPU
		{272DB9F5-E5B7-406E-9D8B-6BC9481670B7}.Release|Any CPU.Build.0 = Release|Any CPU
		{88555198-CE5A-4F3C-90E1-9FB00A60F302}.Debug|Any CPU.ActiveCfg = Debug|Any CPU
		{88555198-CE5A-4F3C-90E1-9FB00A60F302}.Debug|Any CPU.Build.0 = Debug|Any CPU
		{88555198-CE5A-4F3C-90E1-9FB00A60F302}.Release|Any CPU.ActiveCfg = Release|Any CPU
		{88555198-CE5A-4F3C-90E1-9FB00A60F302}.Release|Any CPU.Build.0 = Release|Any CPU
		{685DAEE0-1BCD-4B35-82D2-9AAE0B48CE63}.Debug|Any CPU.ActiveCfg = Debug|Any CPU
		{685DAEE0-1BCD-4B35-82D2-9AAE0B48CE63}.Debug|Any CPU.Build.0 = Debug|Any CPU
		{685DAEE0-1BCD-4B35-82D2-9AAE0B48CE63}.Release|Any CPU.ActiveCfg = Release|Any CPU
		{685DAEE0-1BCD-4B35-82D2-9AAE0B48CE63}.Release|Any CPU.Build.0 = Release|Any CPU
		{CCCE54F3-7854-4CA3-9A7A-E0870E0FCC72}.Debug|Any CPU.ActiveCfg = Debug|Any CPU
		{CCCE54F3-7854-4CA3-9A7A-E0870E0FCC72}.Debug|Any CPU.Build.0 = Debug|Any CPU
		{CCCE54F3-7854-4CA3-9A7A-E0870E0FCC72}.Release|Any CPU.ActiveCfg = Release|Any CPU
		{CCCE54F3-7854-4CA3-9A7A-E0870E0FCC72}.Release|Any CPU.Build.0 = Release|Any CPU
		{55D37EA9-92E9-4E34-81F1-9A2CFD3D6771}.Debug|Any CPU.ActiveCfg = Debug|Any CPU
		{55D37EA9-92E9-4E34-81F1-9A2CFD3D6771}.Debug|Any CPU.Build.0 = Debug|Any CPU
		{55D37EA9-92E9-4E34-81F1-9A2CFD3D6771}.Release|Any CPU.ActiveCfg = Release|Any CPU
		{55D37EA9-92E9-4E34-81F1-9A2CFD3D6771}.Release|Any CPU.Build.0 = Release|Any CPU
	EndGlobalSection
EndGlobal
